
Microsoft Visual Studio Solution File, Format Version 12.00
# Visual Studio Version 16
VisualStudioVersion = 16.0.30517.126
MinimumVisualStudioVersion = 10.0.40219.1
Project("{FAE04EC0-301F-11D3-BF4B-00C04F79EFBC}") = "Demo1", "Demo1\Demo1.csproj", "{C55806F0-8F35-4A9D-BE2B-CED9EB9D0A93}"
EndProject
Global
	GlobalSection(SolutionConfigurationPlatforms) = preSolution
		Debug|Any CPU = Debug|Any CPU
		Release|Any CPU = Release|Any CPU
	EndGlobalSection
	GlobalSection(ProjectConfigurationPlatforms) = postSolution
		{C55806F0-8F35-4A9D-BE2B-CED9EB9D0A93}.Debug|Any CPU.ActiveCfg = Debug|Any CPU
		{C55806F0-8F35-4A9D-BE2B-CED9EB9D0A93}.Debug|Any CPU.Build.0 = Debug|Any CPU
		{C55806F0-8F35-4A9D-BE2B-CED9EB9D0A93}.Release|Any CPU.ActiveCfg = Release|Any CPU
		{C55806F0-8F35-4A9D-BE2B-CED9EB9D0A93}.Release|Any CPU.Build.0 = Release|Any CPU
	EndGlobalSection
	GlobalSection(SolutionProperties) = preSolution
		HideSolutionNode = FALSE
	EndGlobalSection
	GlobalSection(ExtensibilityGlobals) = postSolution
		SolutionGuid = {06F009F3-68EE-4ED0-B970-CDDAE779810A}
	EndGlobalSection
EndGlobal
